
Microsoft Visual Studio Solution File, Format Version 12.00
Project("{FAE04EC0-301F-11D3-BF4B-00C04F79EFBC}") = "YlvasKaffeLagerVATCalculations", "YlvasKaffeLagerVATCalculations\YlvasKaffeLagerVATCalculations.csproj", "{66B8A673-F707-4D95-96CD-F9A1922D3EE5}"
EndProject
Project("{FAE04EC0-301F-11D3-BF4B-00C04F79EFBC}") = "YlvasKaffeLagerVATCalcluations.Spec", "YlvasKaffeLagerVATCalcluations.Spec\YlvasKaffeLagerVATCalcluations.Spec.csproj", "{F62DFBCF-786D-48DA-9BA7-922377E6AA42}"
EndProject
Global
	GlobalSection(SolutionConfigurationPlatforms) = preSolution
		Debug|Any CPU = Debug|Any CPU
		Release|Any CPU = Release|Any CPU
	EndGlobalSection
	GlobalSection(ProjectConfigurationPlatforms) = postSolution
		{66B8A673-F707-4D95-96CD-F9A1922D3EE5}.Debug|Any CPU.ActiveCfg = Debug|Any CPU
		{66B8A673-F707-4D95-96CD-F9A1922D3EE5}.Debug|Any CPU.Build.0 = Debug|Any CPU
		{66B8A673-F707-4D95-96CD-F9A1922D3EE5}.Release|Any CPU.ActiveCfg = Release|Any CPU
		{66B8A673-F707-4D95-96CD-F9A1922D3EE5}.Release|Any CPU.Build.0 = Release|Any CPU
		{F62DFBCF-786D-48DA-9BA7-922377E6AA42}.Debug|Any CPU.ActiveCfg = Debug|Any CPU
		{F62DFBCF-786D-48DA-9BA7-922377E6AA42}.Debug|Any CPU.Build.0 = Debug|Any CPU
		{F62DFBCF-786D-48DA-9BA7-922377E6AA42}.Release|Any CPU.ActiveCfg = Release|Any CPU
		{F62DFBCF-786D-48DA-9BA7-922377E6AA42}.Release|Any CPU.Build.0 = Release|Any CPU
	EndGlobalSection
EndGlobal
